
Microsoft Visual Studio Solution File, Format Version 12.00
# Visual Studio Version 17
VisualStudioVersion = 17.1.32421.90
MinimumVisualStudioVersion = 10.0.40219.1
Project("{9A19103F-16F7-4668-BE54-9A1E7A4F7556}") = "ESCOOTERRENT.WEB", "RVABIKESHOP.WEB\ESCOOTERRENT.WEB.csproj", "{A7A0794A-0835-4CC4-AF4C-5C5EC2A92249}"
EndProject
Project("{9A19103F-16F7-4668-BE54-9A1E7A4F7556}") = "ESCOOTERRENT.Data", "RVABIKESHOP.Data\ESCOOTERRENT.Data.csproj", "{898D2E8A-8C0A-41AC-8C69-41150B61793F}"
EndProject
Project("{9A19103F-16F7-4668-BE54-9A1E7A4F7556}") = "ESCOOTERRENT.Models", "RVABIKESHOP.Models\ESCOOTERRENT.Models.csproj", "{D8980EA8-BD3E-4193-8891-54216BE4CD42}"
EndProject
Project("{9A19103F-16F7-4668-BE54-9A1E7A4F7556}") = "ESCOOTERRENT.Repositories", "RVABIKESHOP.Repositories\ESCOOTERRENT.Repositories.csproj", "{1C7DE2BE-1468-4D18-B645-DB9E7EE4B647}"
EndProject
Project("{9A19103F-16F7-4668-BE54-9A1E7A4F7556}") = "ESCOOTERRENT.Services", "RVABIKESHOP.Services\ESCOOTERRENT.Services.csproj", "{6361934C-87F8-4A44-822C-25424DAA28E5}"
EndProject
Global
	GlobalSection(SolutionConfigurationPlatforms) = preSolution
		Debug|Any CPU = Debug|Any CPU
		Release|Any CPU = Release|Any CPU
	EndGlobalSection
	GlobalSection(ProjectConfigurationPlatforms) = postSolution
		{A7A0794A-0835-4CC4-AF4C-5C5EC2A92249}.Debug|Any CPU.ActiveCfg = Debug|Any CPU
		{A7A0794A-0835-4CC4-AF4C-5C5EC2A92249}.Debug|Any CPU.Build.0 = Debug|Any CPU
		{A7A0794A-0835-4CC4-AF4C-5C5EC2A92249}.Release|Any CPU.ActiveCfg = Release|Any CPU
		{A7A0794A-0835-4CC4-AF4C-5C5EC2A92249}.Release|Any CPU.Build.0 = Release|Any CPU
		{898D2E8A-8C0A-41AC-8C69-41150B61793F}.Debug|Any CPU.ActiveCfg = Debug|Any CPU
		{898D2E8A-8C0A-41AC-8C69-41150B61793F}.Debug|Any CPU.Build.0 = Debug|Any CPU
		{898D2E8A-8C0A-41AC-8C69-41150B61793F}.Release|Any CPU.ActiveCfg = Release|Any CPU
		{898D2E8A-8C0A-41AC-8C69-41150B61793F}.Release|Any CPU.Build.0 = Release|Any CPU
		{D8980EA8-BD3E-4193-8891-54216BE4CD42}.Debug|Any CPU.ActiveCfg = Debug|Any CPU
		{D8980EA8-BD3E-4193-8891-54216BE4CD42}.Debug|Any CPU.Build.0 = Debug|Any CPU
		{D8980EA8-BD3E-4193-8891-54216BE4CD42}.Release|Any CPU.ActiveCfg = Release|Any CPU
		{D8980EA8-BD3E-4193-8891-54216BE4CD42}.Release|Any CPU.Build.0 = Release|Any CPU
		{1C7DE2BE-1468-4D18-B645-DB9E7EE4B647}.Debug|Any CPU.ActiveCfg = Debug|Any CPU
		{1C7DE2BE-1468-4D18-B645-DB9E7EE4B647}.Debug|Any CPU.Build.0 = Debug|Any CPU
		{1C7DE2BE-1468-4D18-B645-DB9E7EE4B647}.Release|Any CPU.ActiveCfg = Release|Any CPU
		{1C7DE2BE-1468-4D18-B645-DB9E7EE4B647}.Release|Any CPU.Build.0 = Release|Any CPU
		{6361934C-87F8-4A44-822C-25424DAA28E5}.Debug|Any CPU.ActiveCfg = Debug|Any CPU
		{6361934C-87F8-4A44-822C-25424DAA28E5}.Debug|Any CPU.Build.0 = Debug|Any CPU
		{6361934C-87F8-4A44-822C-25424DAA28E5}.Release|Any CPU.ActiveCfg = Release|Any CPU
		{6361934C-87F8-4A44-822C-25424DAA28E5}.Release|Any CPU.Build.0 = Release|Any CPU
	EndGlobalSection
	GlobalSection(SolutionProperties) = preSolution
		HideSolutionNode = FALSE
	EndGlobalSection
	GlobalSection(ExtensibilityGlobals) = postSolution
		SolutionGuid = {6C6F4992-133F-40D2-AD5A-9E8168D35CE4}
	EndGlobalSection
EndGlobal
